// !$*UTF8*$!
{
	archiveVersion = 1;
	classes = {
	};
	objectVersion = 46;
	objects = {

/* Begin PBXBuildFile section */
		52894EAF1EC9A0ED0052091E /* SiSCollectionViewCell.swift in Sources */ = {isa = PBXBuildFile; fileRef = 52894EAE1EC9A0ED0052091E /* SiSCollectionViewCell.swift */; };
		52894EB11EC9A9400052091E /* SiSPickerVC.swift in Sources */ = {isa = PBXBuildFile; fileRef = 52894EB01EC9A9400052091E /* SiSPickerVC.swift */; };
		52894EB31ECA24FA0052091E /* SiSPlacesPickerView.swift in Sources */ = {isa = PBXBuildFile; fileRef = 52894EB21ECA24FA0052091E /* SiSPlacesPickerView.swift */; };
		5290C3F41ECB217200AA06C4 /* SiSPersonModel.swift in Sources */ = {isa = PBXBuildFile; fileRef = 5290C3F31ECB217200AA06C4 /* SiSPersonModel.swift */; };
		52E253721EC4A39B00A76CA2 /* SiSGeneralViewController.swift in Sources */ = {isa = PBXBuildFile; fileRef = 52E253711EC4A39B00A76CA2 /* SiSGeneralViewController.swift */; };
		52E2537E1EC4A73100A76CA2 /* UIButtonX.swift in Sources */ = {isa = PBXBuildFile; fileRef = 52E253741EC4A73100A76CA2 /* UIButtonX.swift */; };
		52E2537F1EC4A73100A76CA2 /* UIImageViewX.swift in Sources */ = {isa = PBXBuildFile; fileRef = 52E253751EC4A73100A76CA2 /* UIImageViewX.swift */; };
		52E253801EC4A73100A76CA2 /* UILabelX.swift in Sources */ = {isa = PBXBuildFile; fileRef = 52E253761EC4A73100A76CA2 /* UILabelX.swift */; };
		52E253811EC4A73100A76CA2 /* UISliderX.swift in Sources */ = {isa = PBXBuildFile; fileRef = 52E253771EC4A73100A76CA2 /* UISliderX.swift */; };
		52E253821EC4A73100A76CA2 /* UITextFieldX.swift in Sources */ = {isa = PBXBuildFile; fileRef = 52E253781EC4A73100A76CA2 /* UITextFieldX.swift */; };
		52E253831EC4A73100A76CA2 /* UIViewAnchorPoint.swift in Sources */ = {isa = PBXBuildFile; fileRef = 52E253791EC4A73100A76CA2 /* UIViewAnchorPoint.swift */; };
		52E253841EC4A73100A76CA2 /* UIViewControllerX.swift in Sources */ = {isa = PBXBuildFile; fileRef = 52E2537A1EC4A73100A76CA2 /* UIViewControllerX.swift */; };
		52E253851EC4A73100A76CA2 /* UIViewX.swift in Sources */ = {isa = PBXBuildFile; fileRef = 52E2537B1EC4A73100A76CA2 /* UIViewX.swift */; };
		52E253861EC4A73100A76CA2 /* UIViewXRadialGradient.swift in Sources */ = {isa = PBXBuildFile; fileRef = 52E2537C1EC4A73100A76CA2 /* UIViewXRadialGradient.swift */; };
		52E253871EC4A73100A76CA2 /* UIVisualEffectViewX.swift in Sources */ = {isa = PBXBuildFile; fileRef = 52E2537D1EC4A73100A76CA2 /* UIVisualEffectViewX.swift */; };
		52E2538A1EC4A85B00A76CA2 /* SiSTableViewCell.swift in Sources */ = {isa = PBXBuildFile; fileRef = 52E253891EC4A85B00A76CA2 /* SiSTableViewCell.swift */; };
		52E2538C1EC4B16C00A76CA2 /* SiSTripModel.swift in Sources */ = {isa = PBXBuildFile; fileRef = 52E2538B1EC4B16C00A76CA2 /* SiSTripModel.swift */; };
		52E2538E1EC4BA7F00A76CA2 /* SiSNewTripViewController.swift in Sources */ = {isa = PBXBuildFile; fileRef = 52E2538D1EC4BA7F00A76CA2 /* SiSNewTripViewController.swift */; };
		52E253901EC4C7CA00A76CA2 /* person.png in Resources */ = {isa = PBXBuildFile; fileRef = 52E2538F1EC4C7CA00A76CA2 /* person.png */; };
		52F5128B1EBB79BD002413CF /* AppDelegate.swift in Sources */ = {isa = PBXBuildFile; fileRef = 52F5128A1EBB79BD002413CF /* AppDelegate.swift */; };
		52F5128D1EBB79BD002413CF /* ViewController.swift in Sources */ = {isa = PBXBuildFile; fileRef = 52F5128C1EBB79BD002413CF /* ViewController.swift */; };
		52F512901EBB79BD002413CF /* Main.storyboard in Resources */ = {isa = PBXBuildFile; fileRef = 52F5128E1EBB79BD002413CF /* Main.storyboard */; };
		52F512921EBB79BD002413CF /* Assets.xcassets in Resources */ = {isa = PBXBuildFile; fileRef = 52F512911EBB79BD002413CF /* Assets.xcassets */; };
		52F512951EBB79BD002413CF /* LaunchScreen.storyboard in Resources */ = {isa = PBXBuildFile; fileRef = 52F512931EBB79BD002413CF /* LaunchScreen.storyboard */; };
		52F512A01EBB79BD002413CF /* iTravelSampleTests.swift in Sources */ = {isa = PBXBuildFile; fileRef = 52F5129F1EBB79BD002413CF /* iTravelSampleTests.swift */; };
		52F512AB1EBB79BD002413CF /* iTravelSampleUITests.swift in Sources */ = {isa = PBXBuildFile; fileRef = 52F512AA1EBB79BD002413CF /* iTravelSampleUITests.swift */; };
		52F512B91EBB9420002413CF /* SiSTableViewController.swift in Sources */ = {isa = PBXBuildFile; fileRef = 52F512B81EBB9420002413CF /* SiSTableViewController.swift */; };
		57154ABC1ECAF8C600A0398E /* Face.png in Resources */ = {isa = PBXBuildFile; fileRef = 57154ABB1ECAF8C600A0398E /* Face.png */; };
		57154ABE1ECAFB4000A0398E /* SiSPersonDetailsVC.swift in Sources */ = {isa = PBXBuildFile; fileRef = 57154ABD1ECAFB4000A0398E /* SiSPersonDetailsVC.swift */; };
/* End PBXBuildFile section */

/* Begin PBXContainerItemProxy section */
		52F5129C1EBB79BD002413CF /* PBXContainerItemProxy */ = {
			isa = PBXContainerItemProxy;
			containerPortal = 52F5127F1EBB79BD002413CF /* Project object */;
			proxyType = 1;
			remoteGlobalIDString = 52F512861EBB79BD002413CF;
			remoteInfo = iTravelSample;
		};
		52F512A71EBB79BD002413CF /* PBXContainerItemProxy */ = {
			isa = PBXContainerItemProxy;
			containerPortal = 52F5127F1EBB79BD002413CF /* Project object */;
			proxyType = 1;
			remoteGlobalIDString = 52F512861EBB79BD002413CF;
			remoteInfo = iTravelSample;
		};
/* End PBXContainerItemProxy section */

/* Begin PBXFileReference section */
		52894EAE1EC9A0ED0052091E /* SiSCollectionViewCell.swift */ = {isa = PBXFileReference; fileEncoding = 4; lastKnownFileType = sourcecode.swift; path = SiSCollectionViewCell.swift; sourceTree = "<group>"; };
		52894EB01EC9A9400052091E /* SiSPickerVC.swift */ = {isa = PBXFileReference; fileEncoding = 4; lastKnownFileType = sourcecode.swift; path = SiSPickerVC.swift; sourceTree = "<group>"; };
		52894EB21ECA24FA0052091E /* SiSPlacesPickerView.swift */ = {isa = PBXFileReference; fileEncoding = 4; lastKnownFileType = sourcecode.swift; path = SiSPlacesPickerView.swift; sourceTree = "<group>"; };
		5290C3F31ECB217200AA06C4 /* SiSPersonModel.swift */ = {isa = PBXFileReference; fileEncoding = 4; lastKnownFileType = sourcecode.swift; path = SiSPersonModel.swift; sourceTree = "<group>"; };
		52E253711EC4A39B00A76CA2 /* SiSGeneralViewController.swift */ = {isa = PBXFileReference; fileEncoding = 4; lastKnownFileType = sourcecode.swift; path = SiSGeneralViewController.swift; sourceTree = "<group>"; };
		52E253741EC4A73100A76CA2 /* UIButtonX.swift */ = {isa = PBXFileReference; fileEncoding = 4; lastKnownFileType = sourcecode.swift; path = UIButtonX.swift; sourceTree = "<group>"; };
		52E253751EC4A73100A76CA2 /* UIImageViewX.swift */ = {isa = PBXFileReference; fileEncoding = 4; lastKnownFileType = sourcecode.swift; path = UIImageViewX.swift; sourceTree = "<group>"; };
		52E253761EC4A73100A76CA2 /* UILabelX.swift */ = {isa = PBXFileReference; fileEncoding = 4; lastKnownFileType = sourcecode.swift; path = UILabelX.swift; sourceTree = "<group>"; };
		52E253771EC4A73100A76CA2 /* UISliderX.swift */ = {isa = PBXFileReference; fileEncoding = 4; lastKnownFileType = sourcecode.swift; path = UISliderX.swift; sourceTree = "<group>"; };
		52E253781EC4A73100A76CA2 /* UITextFieldX.swift */ = {isa = PBXFileReference; fileEncoding = 4; lastKnownFileType = sourcecode.swift; path = UITextFieldX.swift; sourceTree = "<group>"; };
		52E253791EC4A73100A76CA2 /* UIViewAnchorPoint.swift */ = {isa = PBXFileReference; fileEncoding = 4; lastKnownFileType = sourcecode.swift; path = UIViewAnchorPoint.swift; sourceTree = "<group>"; };
		52E2537A1EC4A73100A76CA2 /* UIViewControllerX.swift */ = {isa = PBXFileReference; fileEncoding = 4; lastKnownFileType = sourcecode.swift; path = UIViewControllerX.swift; sourceTree = "<group>"; };
		52E2537B1EC4A73100A76CA2 /* UIViewX.swift */ = {isa = PBXFileReference; fileEncoding = 4; lastKnownFileType = sourcecode.swift; path = UIViewX.swift; sourceTree = "<group>"; };
		52E2537C1EC4A73100A76CA2 /* UIViewXRadialGradient.swift */ = {isa = PBXFileReference; fileEncoding = 4; lastKnownFileType = sourcecode.swift; path = UIViewXRadialGradient.swift; sourceTree = "<group>"; };
		52E2537D1EC4A73100A76CA2 /* UIVisualEffectViewX.swift */ = {isa = PBXFileReference; fileEncoding = 4; lastKnownFileType = sourcecode.swift; path = UIVisualEffectViewX.swift; sourceTree = "<group>"; };
		52E253891EC4A85B00A76CA2 /* SiSTableViewCell.swift */ = {isa = PBXFileReference; fileEncoding = 4; lastKnownFileType = sourcecode.swift; path = SiSTableViewCell.swift; sourceTree = "<group>"; };
		52E2538B1EC4B16C00A76CA2 /* SiSTripModel.swift */ = {isa = PBXFileReference; fileEncoding = 4; lastKnownFileType = sourcecode.swift; path = SiSTripModel.swift; sourceTree = "<group>"; };
		52E2538D1EC4BA7F00A76CA2 /* SiSNewTripViewController.swift */ = {isa = PBXFileReference; fileEncoding = 4; lastKnownFileType = sourcecode.swift; path = SiSNewTripViewController.swift; sourceTree = "<group>"; };
		52E2538F1EC4C7CA00A76CA2 /* person.png */ = {isa = PBXFileReference; lastKnownFileType = image.png; path = person.png; sourceTree = "<group>"; };
		52F512871EBB79BD002413CF /* iTravelSample.app */ = {isa = PBXFileReference; explicitFileType = wrapper.application; includeInIndex = 0; path = iTravelSample.app; sourceTree = BUILT_PRODUCTS_DIR; };
		52F5128A1EBB79BD002413CF /* AppDelegate.swift */ = {isa = PBXFileReference; lastKnownFileType = sourcecode.swift; path = AppDelegate.swift; sourceTree = "<group>"; };
		52F5128C1EBB79BD002413CF /* ViewController.swift */ = {isa = PBXFileReference; lastKnownFileType = sourcecode.swift; path = ViewController.swift; sourceTree = "<group>"; };
		52F5128F1EBB79BD002413CF /* Base */ = {isa = PBXFileReference; lastKnownFileType = file.storyboard; name = Base; path = Base.lproj/Main.storyboard; sourceTree = "<group>"; };
		52F512911EBB79BD002413CF /* Assets.xcassets */ = {isa = PBXFileReference; lastKnownFileType = folder.assetcatalog; path = Assets.xcassets; sourceTree = "<group>"; };
		52F512941EBB79BD002413CF /* Base */ = {isa = PBXFileReference; lastKnownFileType = file.storyboard; name = Base; path = Base.lproj/LaunchScreen.storyboard; sourceTree = "<group>"; };
		52F512961EBB79BD002413CF /* Info.plist */ = {isa = PBXFileReference; lastKnownFileType = text.plist.xml; path = Info.plist; sourceTree = "<group>"; };
		52F5129B1EBB79BD002413CF /* iTravelSampleTests.xctest */ = {isa = PBXFileReference; explicitFileType = wrapper.cfbundle; includeInIndex = 0; path = iTravelSampleTests.xctest; sourceTree = BUILT_PRODUCTS_DIR; };
		52F5129F1EBB79BD002413CF /* iTravelSampleTests.swift */ = {isa = PBXFileReference; lastKnownFileType = sourcecode.swift; path = iTravelSampleTests.swift; sourceTree = "<group>"; };
		52F512A11EBB79BD002413CF /* Info.plist */ = {isa = PBXFileReference; lastKnownFileType = text.plist.xml; path = Info.plist; sourceTree = "<group>"; };
		52F512A61EBB79BD002413CF /* iTravelSampleUITests.xctest */ = {isa = PBXFileReference; explicitFileType = wrapper.cfbundle; includeInIndex = 0; path = iTravelSampleUITests.xctest; sourceTree = BUILT_PRODUCTS_DIR; };
		52F512AA1EBB79BD002413CF /* iTravelSampleUITests.swift */ = {isa = PBXFileReference; lastKnownFileType = sourcecode.swift; path = iTravelSampleUITests.swift; sourceTree = "<group>"; };
		52F512AC1EBB79BD002413CF /* Info.plist */ = {isa = PBXFileReference; lastKnownFileType = text.plist.xml; path = Info.plist; sourceTree = "<group>"; };
		52F512B81EBB9420002413CF /* SiSTableViewController.swift */ = {isa = PBXFileReference; fileEncoding = 4; lastKnownFileType = sourcecode.swift; path = SiSTableViewController.swift; sourceTree = "<group>"; };
		57154ABB1ECAF8C600A0398E /* Face.png */ = {isa = PBXFileReference; lastKnownFileType = image.png; path = Face.png; sourceTree = "<group>"; };
		57154ABD1ECAFB4000A0398E /* SiSPersonDetailsVC.swift */ = {isa = PBXFileReference; fileEncoding = 4; lastKnownFileType = sourcecode.swift; path = SiSPersonDetailsVC.swift; sourceTree = "<group>"; };
/* End PBXFileReference section */

/* Begin PBXFrameworksBuildPhase section */
		52F512841EBB79BD002413CF /* Frameworks */ = {
			isa = PBXFrameworksBuildPhase;
			buildActionMask = 2147483647;
			files = (
			);
			runOnlyForDeploymentPostprocessing = 0;
		};
		52F512981EBB79BD002413CF /* Frameworks */ = {
			isa = PBXFrameworksBuildPhase;
			buildActionMask = 2147483647;
			files = (
			);
			runOnlyForDeploymentPostprocessing = 0;
		};
		52F512A31EBB79BD002413CF /* Frameworks */ = {
			isa = PBXFrameworksBuildPhase;
			buildActionMask = 2147483647;
			files = (
			);
			runOnlyForDeploymentPostprocessing = 0;
		};
/* End PBXFrameworksBuildPhase section */

/* Begin PBXGroup section */
		52E253701EC4A36400A76CA2 /* Views */ = {
			isa = PBXGroup;
			children = (
				52E253711EC4A39B00A76CA2 /* SiSGeneralViewController.swift */,
				52E2538D1EC4BA7F00A76CA2 /* SiSNewTripViewController.swift */,
				52894EB01EC9A9400052091E /* SiSPickerVC.swift */,
				52894EB21ECA24FA0052091E /* SiSPlacesPickerView.swift */,
				57154ABD1ECAFB4000A0398E /* SiSPersonDetailsVC.swift */,
				52F5128E1EBB79BD002413CF /* Main.storyboard */,
			);
			name = Views;
			sourceTree = "<group>";
		};
		52E253731EC4A73100A76CA2 /* DesignableX */ = {
			isa = PBXGroup;
			children = (
				52E253741EC4A73100A76CA2 /* UIButtonX.swift */,
				52E253751EC4A73100A76CA2 /* UIImageViewX.swift */,
				52E253761EC4A73100A76CA2 /* UILabelX.swift */,
				52E253771EC4A73100A76CA2 /* UISliderX.swift */,
				52E253781EC4A73100A76CA2 /* UITextFieldX.swift */,
				52E253791EC4A73100A76CA2 /* UIViewAnchorPoint.swift */,
				52E2537A1EC4A73100A76CA2 /* UIViewControllerX.swift */,
				52E2537B1EC4A73100A76CA2 /* UIViewX.swift */,
				52E2537C1EC4A73100A76CA2 /* UIViewXRadialGradient.swift */,
				52E2537D1EC4A73100A76CA2 /* UIVisualEffectViewX.swift */,
			);
			path = DesignableX;
			sourceTree = "<group>";
		};
		52E253881EC4A83E00A76CA2 /* Models */ = {
			isa = PBXGroup;
			children = (
				52E2538B1EC4B16C00A76CA2 /* SiSTripModel.swift */,
				5290C3F31ECB217200AA06C4 /* SiSPersonModel.swift */,
				52E253891EC4A85B00A76CA2 /* SiSTableViewCell.swift */,
				52894EAE1EC9A0ED0052091E /* SiSCollectionViewCell.swift */,
			);
			name = Models;
			sourceTree = "<group>";
		};
		52F5127E1EBB79BD002413CF = {
			isa = PBXGroup;
			children = (
				52F512891EBB79BD002413CF /* iTravelSample */,
				52F5129E1EBB79BD002413CF /* iTravelSampleTests */,
				52F512A91EBB79BD002413CF /* iTravelSampleUITests */,
				52F512881EBB79BD002413CF /* Products */,
			);
			sourceTree = "<group>";
		};
		52F512881EBB79BD002413CF /* Products */ = {
			isa = PBXGroup;
			children = (
				52F512871EBB79BD002413CF /* iTravelSample.app */,
				52F5129B1EBB79BD002413CF /* iTravelSampleTests.xctest */,
				52F512A61EBB79BD002413CF /* iTravelSampleUITests.xctest */,
			);
			name = Products;
			sourceTree = "<group>";
		};
		52F512891EBB79BD002413CF /* iTravelSample */ = {
			isa = PBXGroup;
			children = (
				52F5128A1EBB79BD002413CF /* AppDelegate.swift */,
				52F5128C1EBB79BD002413CF /* ViewController.swift */,
				52F512B81EBB9420002413CF /* SiSTableViewController.swift */,
				52E253731EC4A73100A76CA2 /* DesignableX */,
				52E253881EC4A83E00A76CA2 /* Models */,
				52E253701EC4A36400A76CA2 /* Views */,
				52F512911EBB79BD002413CF /* Assets.xcassets */,
				52E2538F1EC4C7CA00A76CA2 /* person.png */,
				57154ABB1ECAF8C600A0398E /* Face.png */,
				52F512931EBB79BD002413CF /* LaunchScreen.storyboard */,
				52F512961EBB79BD002413CF /* Info.plist */,
			);
			path = iTravelSample;
			sourceTree = "<group>";
		};
		52F5129E1EBB79BD002413CF /* iTravelSampleTests */ = {
			isa = PBXGroup;
			children = (
				52F5129F1EBB79BD002413CF /* iTravelSampleTests.swift */,
				52F512A11EBB79BD002413CF /* Info.plist */,
			);
			path = iTravelSampleTests;
			sourceTree = "<group>";
		};
		52F512A91EBB79BD002413CF /* iTravelSampleUITests */ = {
			isa = PBXGroup;
			children = (
				52F512AA1EBB79BD002413CF /* iTravelSampleUITests.swift */,
				52F512AC1EBB79BD002413CF /* Info.plist */,
			);
			path = iTravelSampleUITests;
			sourceTree = "<group>";
		};
/* End PBXGroup section */

/* Begin PBXNativeTarget section */
		52F512861EBB79BD002413CF /* iTravelSample */ = {
			isa = PBXNativeTarget;
			buildConfigurationList = 52F512AF1EBB79BD002413CF /* Build configuration list for PBXNativeTarget "iTravelSample" */;
			buildPhases = (
				52F512831EBB79BD002413CF /* Sources */,
				52F512841EBB79BD002413CF /* Frameworks */,
				52F512851EBB79BD002413CF /* Resources */,
			);
			buildRules = (
			);
			dependencies = (
			);
			name = iTravelSample;
			productName = iTravelSample;
			productReference = 52F512871EBB79BD002413CF /* iTravelSample.app */;
			productType = "com.apple.product-type.application";
		};
		52F5129A1EBB79BD002413CF /* iTravelSampleTests */ = {
			isa = PBXNativeTarget;
			buildConfigurationList = 52F512B21EBB79BD002413CF /* Build configuration list for PBXNativeTarget "iTravelSampleTests" */;
			buildPhases = (
				52F512971EBB79BD002413CF /* Sources */,
				52F512981EBB79BD002413CF /* Frameworks */,
				52F512991EBB79BD002413CF /* Resources */,
			);
			buildRules = (
			);
			dependencies = (
				52F5129D1EBB79BD002413CF /* PBXTargetDependency */,
			);
			name = iTravelSampleTests;
			productName = iTravelSampleTests;
			productReference = 52F5129B1EBB79BD002413CF /* iTravelSampleTests.xctest */;
			productType = "com.apple.product-type.bundle.unit-test";
		};
		52F512A51EBB79BD002413CF /* iTravelSampleUITests */ = {
			isa = PBXNativeTarget;
			buildConfigurationList = 52F512B51EBB79BD002413CF /* Build configuration list for PBXNativeTarget "iTravelSampleUITests" */;
			buildPhases = (
				52F512A21EBB79BD002413CF /* Sources */,
				52F512A31EBB79BD002413CF /* Frameworks */,
				52F512A41EBB79BD002413CF /* Resources */,
			);
			buildRules = (
			);
			dependencies = (
				52F512A81EBB79BD002413CF /* PBXTargetDependency */,
			);
			name = iTravelSampleUITests;
			productName = iTravelSampleUITests;
			productReference = 52F512A61EBB79BD002413CF /* iTravelSampleUITests.xctest */;
			productType = "com.apple.product-type.bundle.ui-testing";
		};
/* End PBXNativeTarget section */

/* Begin PBXProject section */
		52F5127F1EBB79BD002413CF /* Project object */ = {
			isa = PBXProject;
			attributes = {
				CLASSPREFIX = SiS;
				LastSwiftUpdateCheck = 0830;
				LastUpgradeCheck = 0830;
				ORGANIZATIONNAME = "Stanly Shiyanovskiy";
				TargetAttributes = {
					52F512861EBB79BD002413CF = {
						CreatedOnToolsVersion = 8.3.1;
						DevelopmentTeam = 3PTYV272Z4;
						ProvisioningStyle = Automatic;
					};
					52F5129A1EBB79BD002413CF = {
						CreatedOnToolsVersion = 8.3.1;
						DevelopmentTeam = 3PTYV272Z4;
						ProvisioningStyle = Automatic;
						TestTargetID = 52F512861EBB79BD002413CF;
					};
					52F512A51EBB79BD002413CF = {
						CreatedOnToolsVersion = 8.3.1;
						DevelopmentTeam = 3PTYV272Z4;
						ProvisioningStyle = Automatic;
						TestTargetID = 52F512861EBB79BD002413CF;
					};
				};
			};
			buildConfigurationList = 52F512821EBB79BD002413CF /* Build configuration list for PBXProject "iTravelSample" */;
			compatibilityVersion = "Xcode 3.2";
			developmentRegion = English;
			hasScannedForEncodings = 0;
			knownRegions = (
				en,
				Base,
			);
			mainGroup = 52F5127E1EBB79BD002413CF;
			productRefGroup = 52F512881EBB79BD002413CF /* Products */;
			projectDirPath = "";
			projectRoot = "";
			targets = (
				52F512861EBB79BD002413CF /* iTravelSample */,
				52F5129A1EBB79BD002413CF /* iTravelSampleTests */,
				52F512A51EBB79BD002413CF /* iTravelSampleUITests */,
			);
		};
/* End PBXProject section */

/* Begin PBXResourcesBuildPhase section */
		52F512851EBB79BD002413CF /* Resources */ = {
			isa = PBXResourcesBuildPhase;
			buildActionMask = 2147483647;
			files = (
				52F512951EBB79BD002413CF /* LaunchScreen.storyboard in Resources */,
				52F512921EBB79BD002413CF /* Assets.xcassets in Resources */,
				52E253901EC4C7CA00A76CA2 /* person.png in Resources */,
				57154ABC1ECAF8C600A0398E /* Face.png in Resources */,
				52F512901EBB79BD002413CF /* Main.storyboard in Resources */,
			);
			runOnlyForDeploymentPostprocessing = 0;
		};
		52F512991EBB79BD002413CF /* Resources */ = {
			isa = PBXResourcesBuildPhase;
			buildActionMask = 2147483647;
			files = (
			);
			runOnlyForDeploymentPostprocessing = 0;
		};
		52F512A41EBB79BD002413CF /* Resources */ = {
			isa = PBXResourcesBuildPhase;
			buildActionMask = 2147483647;
			files = (
			);
			runOnlyForDeploymentPostprocessing = 0;
		};
/* End PBXResourcesBuildPhase section */

/* Begin PBXSourcesBuildPhase section */
		52F512831EBB79BD002413CF /* Sources */ = {
			isa = PBXSourcesBuildPhase;
			buildActionMask = 2147483647;
			files = (
				52E253831EC4A73100A76CA2 /* UIViewAnchorPoint.swift in Sources */,
				52F512B91EBB9420002413CF /* SiSTableViewController.swift in Sources */,
				52E2538E1EC4BA7F00A76CA2 /* SiSNewTripViewController.swift in Sources */,
				52E2537E1EC4A73100A76CA2 /* UIButtonX.swift in Sources */,
				52894EAF1EC9A0ED0052091E /* SiSCollectionViewCell.swift in Sources */,
				52E253721EC4A39B00A76CA2 /* SiSGeneralViewController.swift in Sources */,
				52E253821EC4A73100A76CA2 /* UITextFieldX.swift in Sources */,
				52E253851EC4A73100A76CA2 /* UIViewX.swift in Sources */,
				52894EB31ECA24FA0052091E /* SiSPlacesPickerView.swift in Sources */,
				52E253811EC4A73100A76CA2 /* UISliderX.swift in Sources */,
				57154ABE1ECAFB4000A0398E /* SiSPersonDetailsVC.swift in Sources */,
				52894EB11EC9A9400052091E /* SiSPickerVC.swift in Sources */,
				52E253841EC4A73100A76CA2 /* UIViewControllerX.swift in Sources */,
				52E253871EC4A73100A76CA2 /* UIVisualEffectViewX.swift in Sources */,
				52E253801EC4A73100A76CA2 /* UILabelX.swift in Sources */,
				52E253861EC4A73100A76CA2 /* UIViewXRadialGradient.swift in Sources */,
				52E2537F1EC4A73100A76CA2 /* UIImageViewX.swift in Sources */,
				52E2538C1EC4B16C00A76CA2 /* SiSTripModel.swift in Sources */,
				52F5128D1EBB79BD002413CF /* ViewController.swift in Sources */,
				52F5128B1EBB79BD002413CF /* AppDelegate.swift in Sources */,
				5290C3F41ECB217200AA06C4 /* SiSPersonModel.swift in Sources */,
				52E2538A1EC4A85B00A76CA2 /* SiSTableViewCell.swift in Sources */,
			);
			runOnlyForDeploymentPostprocessing = 0;
		};
		52F512971EBB79BD002413CF /* Sources */ = {
			isa = PBXSourcesBuildPhase;
			buildActionMask = 2147483647;
			files = (
				52F512A01EBB79BD002413CF /* iTravelSampleTests.swift in Sources */,
			);
			runOnlyForDeploymentPostprocessing = 0;
		};
		52F512A21EBB79BD002413CF /* Sources */ = {
			isa = PBXSourcesBuildPhase;
			buildActionMask = 2147483647;
			files = (
				52F512AB1EBB79BD002413CF /* iTravelSampleUITests.swift in Sources */,
			);
			runOnlyForDeploymentPostprocessing = 0;
		};
/* End PBXSourcesBuildPhase section */

/* Begin PBXTargetDependency section */
		52F5129D1EBB79BD002413CF /* PBXTargetDependency */ = {
			isa = PBXTargetDependency;
			target = 52F512861EBB79BD002413CF /* iTravelSample */;
			targetProxy = 52F5129C1EBB79BD002413CF /* PBXContainerItemProxy */;
		};
		52F512A81EBB79BD002413CF /* PBXTargetDependency */ = {
			isa = PBXTargetDependency;
			target = 52F512861EBB79BD002413CF /* iTravelSample */;
			targetProxy = 52F512A71EBB79BD002413CF /* PBXContainerItemProxy */;
		};
/* End PBXTargetDependency section */

/* Begin PBXVariantGroup section */
		52F5128E1EBB79BD002413CF /* Main.storyboard */ = {
			isa = PBXVariantGroup;
			children = (
				52F5128F1EBB79BD002413CF /* Base */,
			);
			name = Main.storyboard;
			sourceTree = "<group>";
		};
		52F512931EBB79BD002413CF /* LaunchScreen.storyboard */ = {
			isa = PBXVariantGroup;
			children = (
				52F512941EBB79BD002413CF /* Base */,
			);
			name = LaunchScreen.storyboard;
			sourceTree = "<group>";
		};
/* End PBXVariantGroup section */

/* Begin XCBuildConfiguration section */
		52F512AD1EBB79BD002413CF /* Debug */ = {
			isa = XCBuildConfiguration;
			buildSettings = {
				ALWAYS_SEARCH_USER_PATHS = NO;
				CLANG_ANALYZER_NONNULL = YES;
				CLANG_ANALYZER_NUMBER_OBJECT_CONVERSION = YES_AGGRESSIVE;
				CLANG_CXX_LANGUAGE_STANDARD = "gnu++0x";
				CLANG_CXX_LIBRARY = "libc++";
				CLANG_ENABLE_MODULES = YES;
				CLANG_ENABLE_OBJC_ARC = YES;
				CLANG_WARN_BOOL_CONVERSION = YES;
				CLANG_WARN_CONSTANT_CONVERSION = YES;
				CLANG_WARN_DIRECT_OBJC_ISA_USAGE = YES_ERROR;
				CLANG_WARN_DOCUMENTATION_COMMENTS = YES;
				CLANG_WARN_EMPTY_BODY = YES;
				CLANG_WARN_ENUM_CONVERSION = YES;
				CLANG_WARN_INFINITE_RECURSION = YES;
				CLANG_WARN_INT_CONVERSION = YES;
				CLANG_WARN_OBJC_ROOT_CLASS = YES_ERROR;
				CLANG_WARN_SUSPICIOUS_MOVE = YES;
				CLANG_WARN_UNREACHABLE_CODE = YES;
				CLANG_WARN__DUPLICATE_METHOD_MATCH = YES;
				"CODE_SIGN_IDENTITY[sdk=iphoneos*]" = "iPhone Developer";
				COPY_PHASE_STRIP = NO;
				DEBUG_INFORMATION_FORMAT = dwarf;
				ENABLE_STRICT_OBJC_MSGSEND = YES;
				ENABLE_TESTABILITY = YES;
				GCC_C_LANGUAGE_STANDARD = gnu99;
				GCC_DYNAMIC_NO_PIC = NO;
				GCC_NO_COMMON_BLOCKS = YES;
				GCC_OPTIMIZATION_LEVEL = 0;
				GCC_PREPROCESSOR_DEFINITIONS = (
					"DEBUG=1",
					"$(inherited)",
				);
				GCC_WARN_64_TO_32_BIT_CONVERSION = YES;
				GCC_WARN_ABOUT_RETURN_TYPE = YES_ERROR;
				GCC_WARN_UNDECLARED_SELECTOR = YES;
				GCC_WARN_UNINITIALIZED_AUTOS = YES_AGGRESSIVE;
				GCC_WARN_UNUSED_FUNCTION = YES;
				GCC_WARN_UNUSED_VARIABLE = YES;
				IPHONEOS_DEPLOYMENT_TARGET = 10.3;
				MTL_ENABLE_DEBUG_INFO = YES;
				ONLY_ACTIVE_ARCH = YES;
				SDKROOT = iphoneos;
				SWIFT_ACTIVE_COMPILATION_CONDITIONS = DEBUG;
				SWIFT_OPTIMIZATION_LEVEL = "-Onone";
			};
			name = Debug;
		};
		52F512AE1EBB79BD002413CF /* Release */ = {
			isa = XCBuildConfiguration;
			buildSettings = {
				ALWAYS_SEARCH_USER_PATHS = NO;
				CLANG_ANALYZER_NONNULL = YES;
				CLANG_ANALYZER_NUMBER_OBJECT_CONVERSION = YES_AGGRESSIVE;
				CLANG_CXX_LANGUAGE_STANDARD = "gnu++0x";
				CLANG_CXX_LIBRARY = "libc++";
				CLANG_ENABLE_MODULES = YES;
				CLANG_ENABLE_OBJC_ARC = YES;
				CLANG_WARN_BOOL_CONVERSION = YES;
				CLANG_WARN_CONSTANT_CONVERSION = YES;
				CLANG_WARN_DIRECT_OBJC_ISA_USAGE = YES_ERROR;
				CLANG_WARN_DOCUMENTATION_COMMENTS = YES;
				CLANG_WARN_EMPTY_BODY = YES;
				CLANG_WARN_ENUM_CONVERSION = YES;
				CLANG_WARN_INFINITE_RECURSION = YES;
				CLANG_WARN_INT_CONVERSION = YES;
				CLANG_WARN_OBJC_ROOT_CLASS = YES_ERROR;
				CLANG_WARN_SUSPICIOUS_MOVE = YES;
				CLANG_WARN_UNREACHABLE_CODE = YES;
				CLANG_WARN__DUPLICATE_METHOD_MATCH = YES;
				"CODE_SIGN_IDENTITY[sdk=iphoneos*]" = "iPhone Developer";
				COPY_PHASE_STRIP = NO;
				DEBUG_INFORMATION_FORMAT = "dwarf-with-dsym";
				ENABLE_NS_ASSERTIONS = NO;
				ENABLE_STRICT_OBJC_MSGSEND = YES;
				GCC_C_LANGUAGE_STANDARD = gnu99;
				GCC_NO_COMMON_BLOCKS = YES;
				GCC_WARN_64_TO_32_BIT_CONVERSION = YES;
				GCC_WARN_ABOUT_RETURN_TYPE = YES_ERROR;
				GCC_WARN_UNDECLARED_SELECTOR = YES;
				GCC_WARN_UNINITIALIZED_AUTOS = YES_AGGRESSIVE;
				GCC_WARN_UNUSED_FUNCTION = YES;
				GCC_WARN_UNUSED_VARIABLE = YES;
				IPHONEOS_DEPLOYMENT_TARGET = 10.3;
				MTL_ENABLE_DEBUG_INFO = NO;
				SDKROOT = iphoneos;
				SWIFT_OPTIMIZATION_LEVEL = "-Owholemodule";
				VALIDATE_PRODUCT = YES;
			};
			name = Release;
		};
		52F512B01EBB79BD002413CF /* Debug */ = {
			isa = XCBuildConfiguration;
			buildSettings = {
				ASSETCATALOG_COMPILER_APPICON_NAME = AppIcon;
				DEVELOPMENT_TEAM = 3PTYV272Z4;
				INFOPLIST_FILE = iTravelSample/Info.plist;
				IPHONEOS_DEPLOYMENT_TARGET = 10.0;
				LD_RUNPATH_SEARCH_PATHS = "$(inherited) @executable_path/Frameworks";
				PRODUCT_BUNDLE_IDENTIFIER = SiS.iTravelSample;
				PRODUCT_NAME = "$(TARGET_NAME)";
				SWIFT_VERSION = 3.0;
			};
			name = Debug;
		};
		52F512B11EBB79BD002413CF /* Release */ = {
			isa = XCBuildConfiguration;
			buildSettings = {
				ASSETCATALOG_COMPILER_APPICON_NAME = AppIcon;
				DEVELOPMENT_TEAM = 3PTYV272Z4;
				INFOPLIST_FILE = iTravelSample/Info.plist;
				IPHONEOS_DEPLOYMENT_TARGET = 10.0;
				LD_RUNPATH_SEARCH_PATHS = "$(inherited) @executable_path/Frameworks";
				PRODUCT_BUNDLE_IDENTIFIER = SiS.iTravelSample;
				PRODUCT_NAME = "$(TARGET_NAME)";
				SWIFT_VERSION = 3.0;
			};
			name = Release;
		};
		52F512B31EBB79BD002413CF /* Debug */ = {
			isa = XCBuildConfiguration;
			buildSettings = {
				ALWAYS_EMBED_SWIFT_STANDARD_LIBRARIES = YES;
				BUNDLE_LOADER = "$(TEST_HOST)";
				DEVELOPMENT_TEAM = 3PTYV272Z4;
				INFOPLIST_FILE = iTravelSampleTests/Info.plist;
				IPHONEOS_DEPLOYMENT_TARGET = 10.1;
				LD_RUNPATH_SEARCH_PATHS = "$(inherited) @executable_path/Frameworks @loader_path/Frameworks";
				PRODUCT_BUNDLE_IDENTIFIER = SiS.iTravelSampleTests;
				PRODUCT_NAME = "$(TARGET_NAME)";
				SWIFT_VERSION = 3.0;
				TEST_HOST = "$(BUILT_PRODUCTS_DIR)/iTravelSample.app/iTravelSample";
			};
			name = Debug;
		};
		52F512B41EBB79BD002413CF /* Release */ = {
			isa = XCBuildConfiguration;
			buildSettings = {
				ALWAYS_EMBED_SWIFT_STANDARD_LIBRARIES = YES;
				BUNDLE_LOADER = "$(TEST_HOST)";
				DEVELOPMENT_TEAM = 3PTYV272Z4;
				INFOPLIST_FILE = iTravelSampleTests/Info.plist;
				IPHONEOS_DEPLOYMENT_TARGET = 10.1;
				LD_RUNPATH_SEARCH_PATHS = "$(inherited) @executable_path/Frameworks @loader_path/Frameworks";
				PRODUCT_BUNDLE_IDENTIFIER = SiS.iTravelSampleTests;
				PRODUCT_NAME = "$(TARGET_NAME)";
				SWIFT_VERSION = 3.0;
				TEST_HOST = "$(BUILT_PRODUCTS_DIR)/iTravelSample.app/iTravelSample";
			};
			name = Release;
		};
		52F512B61EBB79BD002413CF /* Debug */ = {
			isa = XCBuildConfiguration;
			buildSettings = {
				ALWAYS_EMBED_SWIFT_STANDARD_LIBRARIES = YES;
				DEVELOPMENT_TEAM = 3PTYV272Z4;
				INFOPLIST_FILE = iTravelSampleUITests/Info.plist;
				IPHONEOS_DEPLOYMENT_TARGET = 10.1;
				LD_RUNPATH_SEARCH_PATHS = "$(inherited) @executable_path/Frameworks @loader_path/Frameworks";
				PRODUCT_BUNDLE_IDENTIFIER = SiS.iTravelSampleUITests;
				PRODUCT_NAME = "$(TARGET_NAME)";
				SWIFT_VERSION = 3.0;
				TEST_TARGET_NAME = iTravelSample;
			};
			name = Debug;
		};
		52F512B71EBB79BD002413CF /* Release */ = {
			isa = XCBuildConfiguration;
			buildSettings = {
				ALWAYS_EMBED_SWIFT_STANDARD_LIBRARIES = YES;
				DEVELOPMENT_TEAM = 3PTYV272Z4;
				INFOPLIST_FILE = iTravelSampleUITests/Info.plist;
				IPHONEOS_DEPLOYMENT_TARGET = 10.1;
				LD_RUNPATH_SEARCH_PATHS = "$(inherited) @executable_path/Frameworks @loader_path/Frameworks";
				PRODUCT_BUNDLE_IDENTIFIER = SiS.iTravelSampleUITests;
				PRODUCT_NAME = "$(TARGET_NAME)";
				SWIFT_VERSION = 3.0;
				TEST_TARGET_NAME = iTravelSample;
			};
			name = Release;
		};
/* End XCBuildConfiguration section */

/* Begin XCConfigurationList section */
		52F512821EBB79BD002413CF /* Build configuration list for PBXProject "iTravelSample" */ = {
			isa = XCConfigurationList;
			buildConfigurations = (
				52F512AD1EBB79BD002413CF /* Debug */,
				52F512AE1EBB79BD002413CF /* Release */,
			);
			defaultConfigurationIsVisible = 0;
			defaultConfigurationName = Release;
		};
		52F512AF1EBB79BD002413CF /* Build configuration list for PBXNativeTarget "iTravelSample" */ = {
			isa = XCConfigurationList;
			buildConfigurations = (
				52F512B01EBB79BD002413CF /* Debug */,
				52F512B11EBB79BD002413CF /* Release */,
			);
			defaultConfigurationIsVisible = 0;
			defaultConfigurationName = Release;
		};
		52F512B21EBB79BD002413CF /* Build configuration list for PBXNativeTarget "iTravelSampleTests" */ = {
			isa = XCConfigurationList;
			buildConfigurations = (
				52F512B31EBB79BD002413CF /* Debug */,
				52F512B41EBB79BD002413CF /* Release */,
			);
			defaultConfigurationIsVisible = 0;
			defaultConfigurationName = Release;
		};
		52F512B51EBB79BD002413CF /* Build configuration list for PBXNativeTarget "iTravelSampleUITests" */ = {
			isa = XCConfigurationList;
			buildConfigurations = (
				52F512B61EBB79BD002413CF /* Debug */,
				52F512B71EBB79BD002413CF /* Release */,
			);
			defaultConfigurationIsVisible = 0;
			defaultConfigurationName = Release;
		};
/* End XCConfigurationList section */
	};
	rootObject = 52F5127F1EBB79BD002413CF /* Project object */;
}
